
Microsoft Visual Studio Solution File, Format Version 12.00
# Visual Studio 15
VisualStudioVersion = 15.0.26430.6
MinimumVisualStudioVersion = 10.0.40219.1
Project("{FAE04EC0-301F-11D3-BF4B-00C04F79EFBC}") = "WebLibrary", "src\WebLibrary\WebLibrary.csproj", "{49EE0759-BEE4-4B2A-8EBB-8F92A2B53451}"
EndProject
Project("{FAE04EC0-301F-11D3-BF4B-00C04F79EFBC}") = "Domain", "src\Domain\Domain.csproj", "{2790B7BB-924F-499E-9130-CFFE7714B899}"
EndProject
Project("{FAE04EC0-301F-11D3-BF4B-00C04F79EFBC}") = "Service", "src\Service\Service.csproj", "{A0FB311B-2F54-4AD2-BABE-496A082B9B22}"
EndProject
Project("{FAE04EC0-301F-11D3-BF4B-00C04F79EFBC}") = "DataTransfer", "src\DataTransfer\DataTransfer.csproj", "{551142C5-16EA-4D7E-A960-AEDD8BB1D7DC}"
EndProject
Project("{FAE04EC0-301F-11D3-BF4B-00C04F79EFBC}") = "DataAccess.Test", "src\DataAccess.Test\DataAccess.Test.csproj", "{0A72591A-5982-4291-A559-7FC6D83B15FB}"
EndProject
Project("{FAE04EC0-301F-11D3-BF4B-00C04F79EFBC}") = "Domain.Test", "src\Domain.Test\Domain.Test.csproj", "{7F305CB8-7821-4625-A30C-7C40E790DA4D}"
EndProject
Project("{FAE04EC0-301F-11D3-BF4B-00C04F79EFBC}") = "Service.Test", "src\Service.Test\Service.Test.csproj", "{D0C42DA8-E7CD-4F97-BDDC-5F69C95B923D}"
EndProject
Global
	GlobalSection(SolutionConfigurationPlatforms) = preSolution
		Debug|Any CPU = Debug|Any CPU
		Release|Any CPU = Release|Any CPU
	EndGlobalSection
	GlobalSection(ProjectConfigurationPlatforms) = postSolution
		{49EE0759-BEE4-4B2A-8EBB-8F92A2B53451}.Debug|Any CPU.ActiveCfg = Debug|Any CPU
		{49EE0759-BEE4-4B2A-8EBB-8F92A2B53451}.Debug|Any CPU.Build.0 = Debug|Any CPU
		{49EE0759-BEE4-4B2A-8EBB-8F92A2B53451}.Release|Any CPU.ActiveCfg = Release|Any CPU
		{49EE0759-BEE4-4B2A-8EBB-8F92A2B53451}.Release|Any CPU.Build.0 = Release|Any CPU
		{2790B7BB-924F-499E-9130-CFFE7714B899}.Debug|Any CPU.ActiveCfg = Debug|Any CPU
		{2790B7BB-924F-499E-9130-CFFE7714B899}.Debug|Any CPU.Build.0 = Debug|Any CPU
		{2790B7BB-924F-499E-9130-CFFE7714B899}.Release|Any CPU.ActiveCfg = Release|Any CPU
		{2790B7BB-924F-499E-9130-CFFE7714B899}.Release|Any CPU.Build.0 = Release|Any CPU
		{A0FB311B-2F54-4AD2-BABE-496A082B9B22}.Debug|Any CPU.ActiveCfg = Debug|Any CPU
		{A0FB311B-2F54-4AD2-BABE-496A082B9B22}.Debug|Any CPU.Build.0 = Debug|Any CPU
		{A0FB311B-2F54-4AD2-BABE-496A082B9B22}.Release|Any CPU.ActiveCfg = Release|Any CPU
		{A0FB311B-2F54-4AD2-BABE-496A082B9B22}.Release|Any CPU.Build.0 = Release|Any CPU
		{551142C5-16EA-4D7E-A960-AEDD8BB1D7DC}.Debug|Any CPU.ActiveCfg = Debug|Any CPU
		{551142C5-16EA-4D7E-A960-AEDD8BB1D7DC}.Debug|Any CPU.Build.0 = Debug|Any CPU
		{551142C5-16EA-4D7E-A960-AEDD8BB1D7DC}.Release|Any CPU.ActiveCfg = Release|Any CPU
		{551142C5-16EA-4D7E-A960-AEDD8BB1D7DC}.Release|Any CPU.Build.0 = Release|Any CPU
		{0A72591A-5982-4291-A559-7FC6D83B15FB}.Debug|Any CPU.ActiveCfg = Debug|Any CPU
		{0A72591A-5982-4291-A559-7FC6D83B15FB}.Debug|Any CPU.Build.0 = Debug|Any CPU
		{0A72591A-5982-4291-A559-7FC6D83B15FB}.Release|Any CPU.ActiveCfg = Release|Any CPU
		{0A72591A-5982-4291-A559-7FC6D83B15FB}.Release|Any CPU.Build.0 = Release|Any CPU
		{7F305CB8-7821-4625-A30C-7C40E790DA4D}.Debug|Any CPU.ActiveCfg = Debug|Any CPU
		{7F305CB8-7821-4625-A30C-7C40E790DA4D}.Debug|Any CPU.Build.0 = Debug|Any CPU
		{7F305CB8-7821-4625-A30C-7C40E790DA4D}.Release|Any CPU.ActiveCfg = Release|Any CPU
		{7F305CB8-7821-4625-A30C-7C40E790DA4D}.Release|Any CPU.Build.0 = Release|Any CPU
		{D0C42DA8-E7CD-4F97-BDDC-5F69C95B923D}.Debug|Any CPU.ActiveCfg = Debug|Any CPU
		{D0C42DA8-E7CD-4F97-BDDC-5F69C95B923D}.Debug|Any CPU.Build.0 = Debug|Any CPU
		{D0C42DA8-E7CD-4F97-BDDC-5F69C95B923D}.Release|Any CPU.ActiveCfg = Release|Any CPU
		{D0C42DA8-E7CD-4F97-BDDC-5F69C95B923D}.Release|Any CPU.Build.0 = Release|Any CPU
	EndGlobalSection
	GlobalSection(SolutionProperties) = preSolution
		HideSolutionNode = FALSE
	EndGlobalSection
EndGlobal
